
Microsoft Visual Studio Solution File, Format Version 12.00
# Visual Studio Version 17
VisualStudioVersion = 17.3.32922.545
MinimumVisualStudioVersion = 10.0.40219.1
Project("{FAE04EC0-301F-11D3-BF4B-00C04F79EFBC}") = "TodoApp", "TodoApp\TodoApp.csproj", "{15D3BB97-06C0-41A6-9684-5ADAE20B55D3}"
EndProject
Global
	GlobalSection(SolutionConfigurationPlatforms) = preSolution
		Debug|Any CPU = Debug|Any CPU
		Release|Any CPU = Release|Any CPU
	EndGlobalSection
	GlobalSection(ProjectConfigurationPlatforms) = postSolution
		{15D3BB97-06C0-41A6-9684-5ADAE20B55D3}.Debug|Any CPU.ActiveCfg = Debug|Any CPU
		{15D3BB97-06C0-41A6-9684-5ADAE20B55D3}.Debug|Any CPU.Build.0 = Debug|Any CPU
		{15D3BB97-06C0-41A6-9684-5ADAE20B55D3}.Release|Any CPU.ActiveCfg = Release|Any CPU
		{15D3BB97-06C0-41A6-9684-5ADAE20B55D3}.Release|Any CPU.Build.0 = Release|Any CPU
	EndGlobalSection
	GlobalSection(SolutionProperties) = preSolution
		HideSolutionNode = FALSE
	EndGlobalSection
	GlobalSection(ExtensibilityGlobals) = postSolution
		SolutionGuid = {2DAEC9F7-5820-4114-AA7B-510E2CA3DCD8}
	EndGlobalSection
EndGlobal
